{
  "version": 4,
  "terraform_version": "0.12.24",
  "serial": 1645,
  "lineage": "20811ef4-b2ab-a297-d43f-ce2733a2f7e8",
  "outputs": {},
  "resources": [
    {
      "module": "module.rds",
      "mode": "managed",
      "type": "aws_db_subnet_group",
      "name": "default",
      "each": "list",
      "provider": "provider.aws",
      "instances": [
        {
          "index_key": 0,
          "schema_version": 0,
          "attributes": {
            "arn": "arn:aws:rds:us-east-1:395822310781:subgrp:main",
            "description": "Managed by Terraform",
            "id": "main",
            "name": "main",
            "name_prefix": null,
            "subnet_ids": [
              "subnet-082f4976e33aa6ee4",
              "subnet-0f7942858dc15f50f"
            ],
            "tags": {}
          }
        }
      ]
    },
    {
      "module": "module.network",
      "mode": "managed",
      "type": "aws_route_table",
      "name": "main",
      "each": "list",
      "provider": "provider.aws",
      "instances": []
    },
    {
      "module": "module.network",
      "mode": "managed",
      "type": "aws_route_table_association",
      "name": "main",
      "each": "list",
      "provider": "provider.aws",
      "instances": []
    },
    {
      "module": "module.network",
      "mode": "managed",
      "type": "aws_subnet",
      "name": "secondary",
      "each": "list",
      "provider": "provider.aws",
      "instances": []
    }
  ]
}
