{
  "version": 4,
  "terraform_version": "0.12.24",
  "serial": 1644,
  "lineage": "20811ef4-b2ab-a297-d43f-ce2733a2f7e8",
  "outputs": {},
  "resources": [
    {
      "module": "module.rds",
      "mode": "managed",
      "type": "aws_db_subnet_group",
      "name": "default",
      "each": "list",
      "provider": "provider.aws",
      "instances": [
        {
          "index_key": 0,
          "schema_version": 0,
          "attributes": {
            "arn": "arn:aws:rds:us-east-1:395822310781:subgrp:main",
            "description": "Managed by Terraform",
            "id": "main",
            "name": "main",
            "name_prefix": null,
            "subnet_ids": [
              "subnet-082f4976e33aa6ee4",
              "subnet-0f7942858dc15f50f"
            ],
            "tags": {}
          }
        }
      ]
    },
    {
      "module": "module.iam",
      "mode": "managed",
      "type": "aws_iam_group",
      "name": "admin_not_indicated",
      "each": "list",
      "provider": "provider.aws",
      "instances": [
        {
          "index_key": 0,
          "schema_version": 0,
          "attributes": {
            "arn": "arn:aws:iam::395822310781:group/sadcloud_superuser",
            "id": "sadcloud_superuser",
            "name": "sadcloud_superuser",
            "path": "/",
            "unique_id": "AGPAVYKGZEV6TA7QDL2LN"
          }
        }
      ]
    },
    {
      "module": "module.iam",
      "mode": "managed",
      "type": "aws_iam_group",
      "name": "inline_group",
      "each": "list",
      "provider": "provider.aws",
      "instances": [
        {
          "index_key": 0,
          "schema_version": 0,
          "attributes": {
            "arn": "arn:aws:iam::395822310781:group/sadcloudInlineGroup",
            "id": "sadcloudInlineGroup",
            "name": "sadcloudInlineGroup",
            "path": "/",
            "unique_id": "AGPAVYKGZEV676CQV7N6O"
          }
        }
      ]
    },
    {
      "module": "module.iam",
      "mode": "managed",
      "type": "aws_iam_user",
      "name": "inline_user",
      "each": "list",
      "provider": "provider.aws",
      "instances": [
        {
          "index_key": 0,
          "schema_version": 0,
          "attributes": {
            "arn": "arn:aws:iam::395822310781:user/sadcloudInlineUser",
            "force_destroy": false,
            "id": "sadcloudInlineUser",
            "name": "sadcloudInlineUser",
            "path": "/",
            "permissions_boundary": null,
            "tags": {},
            "unique_id": "AIDAVYKGZEV6VITCJ66D2"
          }
        }
      ]
    },
    {
      "module": "module.network",
      "mode": "managed",
      "type": "aws_route_table",
      "name": "main",
      "each": "list",
      "provider": "provider.aws",
      "instances": []
    },
    {
      "module": "module.network",
      "mode": "managed",
      "type": "aws_route_table_association",
      "name": "main",
      "each": "list",
      "provider": "provider.aws",
      "instances": []
    },
    {
      "module": "module.network",
      "mode": "managed",
      "type": "aws_subnet",
      "name": "secondary",
      "each": "list",
      "provider": "provider.aws",
      "instances": []
    }
  ]
}
