{
  "version": 4,
  "terraform_version": "0.12.24",
  "serial": 1641,
  "lineage": "20811ef4-b2ab-a297-d43f-ce2733a2f7e8",
  "outputs": {},
  "resources": [
    {
      "module": "module.network",
      "mode": "data",
      "type": "aws_availability_zones",
      "name": "available",
      "provider": "provider.aws",
      "instances": [
        {
          "schema_version": 0,
          "attributes": {
            "blacklisted_names": null,
            "blacklisted_zone_ids": null,
            "id": "2020-03-30 19:13:21.824457904 +0000 UTC",
            "names": [
              "us-east-1a",
              "us-east-1b",
              "us-east-1c",
              "us-east-1d",
              "us-east-1e",
              "us-east-1f"
            ],
            "state": "available",
            "zone_ids": [
              "use1-az2",
              "use1-az4",
              "use1-az6",
              "use1-az1",
              "use1-az3",
              "use1-az5"
            ]
          }
        }
      ]
    },
    {
      "module": "module.rds",
      "mode": "managed",
      "type": "aws_db_subnet_group",
      "name": "default",
      "each": "list",
      "provider": "provider.aws",
      "instances": [
        {
          "index_key": 0,
          "schema_version": 0,
          "attributes": {
            "arn": "arn:aws:rds:us-east-1:395822310781:subgrp:main",
            "description": "Managed by Terraform",
            "id": "main",
            "name": "main",
            "name_prefix": null,
            "subnet_ids": [
              "subnet-082f4976e33aa6ee4",
              "subnet-0f7942858dc15f50f"
            ],
            "tags": {}
          }
        }
      ]
    },
    {
      "module": "module.elasticsearch",
      "mode": "managed",
      "type": "aws_elasticsearch_domain_policy",
      "name": "main",
      "each": "list",
      "provider": "provider.aws",
      "instances": [
        {
          "index_key": 0,
          "schema_version": 0,
          "attributes": {
            "access_policies": "{\"Version\":\"2012-10-17\",\"Statement\":[{\"Effect\":\"Allow\",\"Principal\":\"*\",\"Action\":\"es:*\",\"Resource\":\"arn:aws:es:us-east-1:395822310781:domain/sadcloud/*\"}]}",
            "domain_name": "sadcloud",
            "id": "esd-policy-sadcloud"
          }
        }
      ]
    },
    {
      "module": "module.iam",
      "mode": "managed",
      "type": "aws_iam_group",
      "name": "admin_not_indicated",
      "each": "list",
      "provider": "provider.aws",
      "instances": [
        {
          "index_key": 0,
          "schema_version": 0,
          "attributes": {
            "arn": "arn:aws:iam::395822310781:group/sadcloud_superuser",
            "id": "sadcloud_superuser",
            "name": "sadcloud_superuser",
            "path": "/",
            "unique_id": "AGPAVYKGZEV6TA7QDL2LN"
          }
        }
      ]
    },
    {
      "module": "module.iam",
      "mode": "managed",
      "type": "aws_iam_group",
      "name": "inline_group",
      "each": "list",
      "provider": "provider.aws",
      "instances": [
        {
          "index_key": 0,
          "schema_version": 0,
          "attributes": {
            "arn": "arn:aws:iam::395822310781:group/sadcloudInlineGroup",
            "id": "sadcloudInlineGroup",
            "name": "sadcloudInlineGroup",
            "path": "/",
            "unique_id": "AGPAVYKGZEV676CQV7N6O"
          }
        }
      ]
    },
    {
      "module": "module.iam",
      "mode": "managed",
      "type": "aws_iam_user",
      "name": "inline_user",
      "each": "list",
      "provider": "provider.aws",
      "instances": [
        {
          "index_key": 0,
          "schema_version": 0,
          "attributes": {
            "arn": "arn:aws:iam::395822310781:user/sadcloudInlineUser",
            "force_destroy": false,
            "id": "sadcloudInlineUser",
            "name": "sadcloudInlineUser",
            "path": "/",
            "permissions_boundary": null,
            "tags": {},
            "unique_id": "AIDAVYKGZEV6VITCJ66D2"
          }
        }
      ]
    },
    {
      "module": "module.network",
      "mode": "managed",
      "type": "aws_internet_gateway",
      "name": "main",
      "each": "list",
      "provider": "provider.aws",
      "instances": [
        {
          "index_key": 0,
          "schema_version": 0,
          "attributes": {
            "id": "igw-0261e3afe72a24cc6",
            "owner_id": "395822310781",
            "tags": {
              "Name": "sadcloud_ig"
            },
            "vpc_id": "vpc-0a6a1228453998df1"
          }
        }
      ]
    },
    {
      "module": "module.network",
      "mode": "managed",
      "type": "aws_route_table",
      "name": "main",
      "each": "list",
      "provider": "provider.aws",
      "instances": []
    },
    {
      "module": "module.network",
      "mode": "managed",
      "type": "aws_route_table_association",
      "name": "main",
      "each": "list",
      "provider": "provider.aws",
      "instances": []
    },
    {
      "module": "module.sqs",
      "mode": "managed",
      "type": "aws_sqs_queue_policy",
      "name": "main",
      "each": "list",
      "provider": "provider.aws",
      "instances": [
        {
          "index_key": 0,
          "schema_version": 1,
          "attributes": {
            "id": "https://sqs.us-east-1.amazonaws.com/395822310781/sadcloud",
            "policy": "{\"Version\":\"2012-10-17\",\"Id\":\"sqspolicy\",\"Statement\":[{\"Sid\":\"First\",\"Effect\":\"Allow\",\"Principal\":\"*\",\"Action\":\"sqs:*\",\"Resource\":\"arn:aws:sqs:us-east-1:395822310781:sadcloud\"}]}",
            "queue_url": "https://sqs.us-east-1.amazonaws.com/395822310781/sadcloud"
          }
        }
      ]
    },
    {
      "module": "module.network",
      "mode": "managed",
      "type": "aws_subnet",
      "name": "main",
      "each": "list",
      "provider": "provider.aws",
      "instances": [
        {
          "index_key": 0,
          "schema_version": 1,
          "attributes": {
            "arn": "arn:aws:ec2:us-east-1:395822310781:subnet/subnet-0f7942858dc15f50f",
            "assign_ipv6_address_on_creation": true,
            "availability_zone": "us-east-1a",
            "availability_zone_id": "use1-az2",
            "cidr_block": "10.0.3.0/24",
            "id": "subnet-0f7942858dc15f50f",
            "ipv6_cidr_block": "2600:1f18:421f:9001::/64",
            "ipv6_cidr_block_association_id": "subnet-cidr-assoc-046de745d4d294d48",
            "map_public_ip_on_launch": true,
            "owner_id": "395822310781",
            "tags": {
              "Name": "sadcloud_subnet"
            },
            "timeouts": null,
            "vpc_id": "vpc-0a6a1228453998df1"
          }
        }
      ]
    },
    {
      "module": "module.network",
      "mode": "managed",
      "type": "aws_subnet",
      "name": "secondary",
      "each": "list",
      "provider": "provider.aws",
      "instances": []
    },
    {
      "module": "module.network",
      "mode": "managed",
      "type": "aws_vpc",
      "name": "main",
      "each": "list",
      "provider": "provider.aws",
      "instances": [
        {
          "index_key": 0,
          "schema_version": 1,
          "attributes": {
            "arn": "arn:aws:ec2:us-east-1:395822310781:vpc/vpc-0a6a1228453998df1",
            "assign_generated_ipv6_cidr_block": true,
            "cidr_block": "10.0.0.0/16",
            "default_network_acl_id": "acl-03049d3bc2f8c9cb4",
            "default_route_table_id": "rtb-081e88de65ddc6cf3",
            "default_security_group_id": "sg-031b3ce03d271fdbd",
            "dhcp_options_id": "dopt-2f2adf55",
            "enable_classiclink": false,
            "enable_classiclink_dns_support": false,
            "enable_dns_hostnames": true,
            "enable_dns_support": true,
            "id": "vpc-0a6a1228453998df1",
            "instance_tenancy": "default",
            "ipv6_association_id": "vpc-cidr-assoc-0e27c4709c87eb783",
            "ipv6_cidr_block": "2600:1f18:421f:9000::/56",
            "main_route_table_id": "rtb-081e88de65ddc6cf3",
            "owner_id": "395822310781",
            "tags": {
              "Name": "sadcloud_vpc"
            }
          },
          "private": "eyJzY2hlbWFfdmVyc2lvbiI6IjEifQ=="
        }
      ]
    }
  ]
}
